
Microsoft Visual Studio Solution File, Format Version 12.00
# Visual Studio Version 17
VisualStudioVersion = 17.1.32414.318
MinimumVisualStudioVersion = 10.0.40219.1
Project("{8BC9CEB8-8B4A-11D0-8D11-00A0C91BC942}") = "Zad1", "Lab1\Lab1.vcxproj", "{6762EE11-F3D8-4F2E-906D-5D0FBCF672AE}"
EndProject
Project("{8BC9CEB8-8B4A-11D0-8D11-00A0C91BC942}") = "Zad2", "Zad2\Zad2.vcxproj", "{ECC4A0FD-8D3E-49B5-8AC3-4F039826C05E}"
EndProject
Project("{8BC9CEB8-8B4A-11D0-8D11-00A0C91BC942}") = "Zad3", "Zad3\Zad3.vcxproj", "{AD98C009-B392-442F-BC5B-1BF81854E400}"
EndProject
Project("{8BC9CEB8-8B4A-11D0-8D11-00A0C91BC942}") = "Zad4", "Zad4\Zad4.vcxproj", "{6FB50C87-4B07-47AA-8AB6-C918F686CED0}"
EndProject
Project("{8BC9CEB8-8B4A-11D0-8D11-00A0C91BC942}") = "Zad5", "Zad5\Zad5.vcxproj", "{10905A4F-ACF9-419B-9FCC-2C417911C2EA}"
EndProject
Project("{8BC9CEB8-8B4A-11D0-8D11-00A0C91BC942}") = "Zad6", "Zad6\Zad6.vcxproj", "{416F990B-B386-460F-A512-7DE9D62F8199}"
EndProject
Project("{8BC9CEB8-8B4A-11D0-8D11-00A0C91BC942}") = "Zad7", "Zad7\Zad7.vcxproj", "{657729B6-4714-45A6-8421-05FF8666CDA5}"
EndProject
Project("{8BC9CEB8-8B4A-11D0-8D11-00A0C91BC942}") = "Zad1", "Zad1\Zad1.vcxproj", "{43D79402-9CCE-4B38-9B6F-9091B8211767}"
EndProject
Global
	GlobalSection(SolutionConfigurationPlatforms) = preSolution
		Debug|x64 = Debug|x64
		Debug|x86 = Debug|x86
		Release|x64 = Release|x64
		Release|x86 = Release|x86
	EndGlobalSection
	GlobalSection(ProjectConfigurationPlatforms) = postSolution
		{6762EE11-F3D8-4F2E-906D-5D0FBCF672AE}.Debug|x64.ActiveCfg = Debug|x64
		{6762EE11-F3D8-4F2E-906D-5D0FBCF672AE}.Debug|x64.Build.0 = Debug|x64
		{6762EE11-F3D8-4F2E-906D-5D0FBCF672AE}.Debug|x86.ActiveCfg = Debug|Win32
		{6762EE11-F3D8-4F2E-906D-5D0FBCF672AE}.Debug|x86.Build.0 = Debug|Win32
		{6762EE11-F3D8-4F2E-906D-5D0FBCF672AE}.Release|x64.ActiveCfg = Release|x64
		{6762EE11-F3D8-4F2E-906D-5D0FBCF672AE}.Release|x64.Build.0 = Release|x64
		{6762EE11-F3D8-4F2E-906D-5D0FBCF672AE}.Release|x86.ActiveCfg = Release|Win32
		{6762EE11-F3D8-4F2E-906D-5D0FBCF672AE}.Release|x86.Build.0 = Release|Win32
		{ECC4A0FD-8D3E-49B5-8AC3-4F039826C05E}.Debug|x64.ActiveCfg = Debug|x64
		{ECC4A0FD-8D3E-49B5-8AC3-4F039826C05E}.Debug|x64.Build.0 = Debug|x64
		{ECC4A0FD-8D3E-49B5-8AC3-4F039826C05E}.Debug|x86.ActiveCfg = Debug|Win32
		{ECC4A0FD-8D3E-49B5-8AC3-4F039826C05E}.Debug|x86.Build.0 = Debug|Win32
		{ECC4A0FD-8D3E-49B5-8AC3-4F039826C05E}.Release|x64.ActiveCfg = Release|x64
		{ECC4A0FD-8D3E-49B5-8AC3-4F039826C05E}.Release|x64.Build.0 = Release|x64
		{ECC4A0FD-8D3E-49B5-8AC3-4F039826C05E}.Release|x86.ActiveCfg = Release|Win32
		{ECC4A0FD-8D3E-49B5-8AC3-4F039826C05E}.Release|x86.Build.0 = Release|Win32
		{AD98C009-B392-442F-BC5B-1BF81854E400}.Debug|x64.ActiveCfg = Debug|x64
		{AD98C009-B392-442F-BC5B-1BF81854E400}.Debug|x64.Build.0 = Debug|x64
		{AD98C009-B392-442F-BC5B-1BF81854E400}.Debug|x86.ActiveCfg = Debug|Win32
		{AD98C009-B392-442F-BC5B-1BF81854E400}.Debug|x86.Build.0 = Debug|Win32
		{AD98C009-B392-442F-BC5B-1BF81854E400}.Release|x64.ActiveCfg = Release|x64
		{AD98C009-B392-442F-BC5B-1BF81854E400}.Release|x64.Build.0 = Release|x64
		{AD98C009-B392-442F-BC5B-1BF81854E400}.Release|x86.ActiveCfg = Release|Win32
		{AD98C009-B392-442F-BC5B-1BF81854E400}.Release|x86.Build.0 = Release|Win32
		{6FB50C87-4B07-47AA-8AB6-C918F686CED0}.Debug|x64.ActiveCfg = Debug|x64
		{6FB50C87-4B07-47AA-8AB6-C918F686CED0}.Debug|x64.Build.0 = Debug|x64
		{6FB50C87-4B07-47AA-8AB6-C918F686CED0}.Debug|x86.ActiveCfg = Debug|Win32
		{6FB50C87-4B07-47AA-8AB6-C918F686CED0}.Debug|x86.Build.0 = Debug|Win32
		{6FB50C87-4B07-47AA-8AB6-C918F686CED0}.Release|x64.ActiveCfg = Release|x64
		{6FB50C87-4B07-47AA-8AB6-C918F686CED0}.Release|x64.Build.0 = Release|x64
		{6FB50C87-4B07-47AA-8AB6-C918F686CED0}.Release|x86.ActiveCfg = Release|Win32
		{6FB50C87-4B07-47AA-8AB6-C918F686CED0}.Release|x86.Build.0 = Release|Win32
		{10905A4F-ACF9-419B-9FCC-2C417911C2EA}.Debug|x64.ActiveCfg = Debug|x64
		{10905A4F-ACF9-419B-9FCC-2C417911C2EA}.Debug|x64.Build.0 = Debug|x64
		{10905A4F-ACF9-419B-9FCC-2C417911C2EA}.Debug|x86.ActiveCfg = Debug|Win32
		{10905A4F-ACF9-419B-9FCC-2C417911C2EA}.Debug|x86.Build.0 = Debug|Win32
		{10905A4F-ACF9-419B-9FCC-2C417911C2EA}.Release|x64.ActiveCfg = Release|x64
		{10905A4F-ACF9-419B-9FCC-2C417911C2EA}.Release|x64.Build.0 = Release|x64
		{10905A4F-ACF9-419B-9FCC-2C417911C2EA}.Release|x86.ActiveCfg = Release|Win32
		{10905A4F-ACF9-419B-9FCC-2C417911C2EA}.Release|x86.Build.0 = Release|Win32
		{416F990B-B386-460F-A512-7DE9D62F8199}.Debug|x64.ActiveCfg = Debug|x64
		{416F990B-B386-460F-A512-7DE9D62F8199}.Debug|x64.Build.0 = Debug|x64
		{416F990B-B386-460F-A512-7DE9D62F8199}.Debug|x86.ActiveCfg = Debug|Win32
		{416F990B-B386-460F-A512-7DE9D62F8199}.Debug|x86.Build.0 = Debug|Win32
		{416F990B-B386-460F-A512-7DE9D62F8199}.Release|x64.ActiveCfg = Release|x64
		{416F990B-B386-460F-A512-7DE9D62F8199}.Release|x64.Build.0 = Release|x64
		{416F990B-B386-460F-A512-7DE9D62F8199}.Release|x86.ActiveCfg = Release|Win32
		{416F990B-B386-460F-A512-7DE9D62F8199}.Release|x86.Build.0 = Release|Win32
		{657729B6-4714-45A6-8421-05FF8666CDA5}.Debug|x64.ActiveCfg = Debug|x64
		{657729B6-4714-45A6-8421-05FF8666CDA5}.Debug|x64.Build.0 = Debug|x64
		{657729B6-4714-45A6-8421-05FF8666CDA5}.Debug|x86.ActiveCfg = Debug|Win32
		{657729B6-4714-45A6-8421-05FF8666CDA5}.Debug|x86.Build.0 = Debug|Win32
		{657729B6-4714-45A6-8421-05FF8666CDA5}.Release|x64.ActiveCfg = Release|x64
		{657729B6-4714-45A6-8421-05FF8666CDA5}.Release|x64.Build.0 = Release|x64
		{657729B6-4714-45A6-8421-05FF8666CDA5}.Release|x86.ActiveCfg = Release|Win32
		{657729B6-4714-45A6-8421-05FF8666CDA5}.Release|x86.Build.0 = Release|Win32
		{43D79402-9CCE-4B38-9B6F-9091B8211767}.Debug|x64.ActiveCfg = Debug|x64
		{43D79402-9CCE-4B38-9B6F-9091B8211767}.Debug|x64.Build.0 = Debug|x64
		{43D79402-9CCE-4B38-9B6F-9091B8211767}.Debug|x86.ActiveCfg = Debug|Win32
		{43D79402-9CCE-4B38-9B6F-9091B8211767}.Debug|x86.Build.0 = Debug|Win32
		{43D79402-9CCE-4B38-9B6F-9091B8211767}.Release|x64.ActiveCfg = Release|x64
		{43D79402-9CCE-4B38-9B6F-9091B8211767}.Release|x64.Build.0 = Release|x64
		{43D79402-9CCE-4B38-9B6F-9091B8211767}.Release|x86.ActiveCfg = Release|Win32
		{43D79402-9CCE-4B38-9B6F-9091B8211767}.Release|x86.Build.0 = Release|Win32
	EndGlobalSection
	GlobalSection(SolutionProperties) = preSolution
		HideSolutionNode = FALSE
	EndGlobalSection
	GlobalSection(ExtensibilityGlobals) = postSolution
		SolutionGuid = {A7F496EB-2064-482C-A00E-867DA8A5BE90}
	EndGlobalSection
EndGlobal
